
Microsoft Visual Studio Solution File, Format Version 12.00
# Visual Studio Version 17
VisualStudioVersion = 17.8.34330.188
MinimumVisualStudioVersion = 10.0.40219.1
Project("{8BC9CEB8-8B4A-11D0-8D11-00A0C91BC942}") = "HelloWorld", "HelloWorld\HelloWorld.vcxproj", "{6EF72C04-D427-408B-8D21-8A1E87211331}"
EndProject
Project("{8BC9CEB8-8B4A-11D0-8D11-00A0C91BC942}") = "09_getcharSample", "09_getcharSample\09_getcharSample.vcxproj", "{E2074744-B51B-4ECF-9F16-1473BF020B8D}"
EndProject
Project("{8BC9CEB8-8B4A-11D0-8D11-00A0C91BC942}") = "09_getchSample", "09_getchSample\09_getchSample.vcxproj", "{0D454A1B-E99C-4C96-8BDA-6625BE90DD74}"
EndProject
Project("{8BC9CEB8-8B4A-11D0-8D11-00A0C91BC942}") = "09_getsSample", "09_getsSample\09_getsSample.vcxproj", "{07353129-C8A5-466E-AB5C-6FD2A7DB7BB1}"
EndProject
Project("{8BC9CEB8-8B4A-11D0-8D11-00A0C91BC942}") = "09_escSeq", "09_escSeq\09_escSeq.vcxproj", "{2D2A9975-83F3-49BC-B30C-E2B9B9E2356D}"
EndProject
Project("{8BC9CEB8-8B4A-11D0-8D11-00A0C91BC942}") = "09_scanfChar", "09_scanfChar\09_scanfChar.vcxproj", "{FCE57A02-1ADE-4A1D-AE1E-92E60476A9E3}"
EndProject
Project("{8BC9CEB8-8B4A-11D0-8D11-00A0C91BC942}") = "09_scanfAge", "09_scanfAge\09_scanfAge.vcxproj", "{F7E8990E-E9D7-4CEA-9789-9CACF8096398}"
EndProject
Project("{8BC9CEB8-8B4A-11D0-8D11-00A0C91BC942}") = "09_scanfintIntInput", "09_scanfintIntInput\09_scanfintIntInput.vcxproj", "{E4BEF1DC-68E6-4C64-A49D-5CD9BD1F494A}"
EndProject
Project("{8BC9CEB8-8B4A-11D0-8D11-00A0C91BC942}") = "09_stringInput", "09_stringInput\09_stringInput.vcxproj", "{5B404953-AD2E-481B-A567-300788F20411}"
EndProject
Project("{8BC9CEB8-8B4A-11D0-8D11-00A0C91BC942}") = "09_Practice", "09_Practice\09_Practice.vcxproj", "{9689E7C1-C4EB-45F2-A798-02B66AC93A48}"
EndProject
Project("{8BC9CEB8-8B4A-11D0-8D11-00A0C91BC942}") = "10_02_addSample", "10_addSample\10_addSample.vcxproj", "{E2BB048A-BCD2-49A2-9532-C261D584AFFF}"
EndProject
Project("{8BC9CEB8-8B4A-11D0-8D11-00A0C91BC942}") = "10_02_tmpResult", "10_02_tmpResult\10_02_tmpResult.vcxproj", "{58081333-E271-433A-B37C-662D5C75E142}"
EndProject
Project("{8BC9CEB8-8B4A-11D0-8D11-00A0C91BC942}") = "10_02_modSample", "10_02_modSample\10_02_modSample.vcxproj", "{E11117F4-0C17-486D-825E-9D05F6D79210}"
EndProject
Project("{8BC9CEB8-8B4A-11D0-8D11-00A0C91BC942}") = "10_04_divideByZero", "10_04_divideByZero\10_04_divideByZero.vcxproj", "{8D61414B-932B-4B91-A45D-B4EB05C0F9C3}"
EndProject
Project("{8BC9CEB8-8B4A-11D0-8D11-00A0C91BC942}") = "10_05_Practice", "10_05_Practice\10_05_Practice.vcxproj", "{062A2B3A-DC69-4862-9EFC-C5181A54F7C3}"
EndProject
Project("{8BC9CEB8-8B4A-11D0-8D11-00A0C91BC942}") = "10_06_Practice", "10_06_Practice\10_06_Practice.vcxproj", "{FB7A0287-F5E9-407F-830D-BE3D795085AF}"
EndProject
Global
	GlobalSection(SolutionConfigurationPlatforms) = preSolution
		Debug|x64 = Debug|x64
		Debug|x86 = Debug|x86
		Release|x64 = Release|x64
		Release|x86 = Release|x86
	EndGlobalSection
	GlobalSection(ProjectConfigurationPlatforms) = postSolution
		{6EF72C04-D427-408B-8D21-8A1E87211331}.Debug|x64.ActiveCfg = Debug|x64
		{6EF72C04-D427-408B-8D21-8A1E87211331}.Debug|x64.Build.0 = Debug|x64
		{6EF72C04-D427-408B-8D21-8A1E87211331}.Debug|x86.ActiveCfg = Debug|Win32
		{6EF72C04-D427-408B-8D21-8A1E87211331}.Debug|x86.Build.0 = Debug|Win32
		{6EF72C04-D427-408B-8D21-8A1E87211331}.Release|x64.ActiveCfg = Release|x64
		{6EF72C04-D427-408B-8D21-8A1E87211331}.Release|x64.Build.0 = Release|x64
		{6EF72C04-D427-408B-8D21-8A1E87211331}.Release|x86.ActiveCfg = Release|Win32
		{6EF72C04-D427-408B-8D21-8A1E87211331}.Release|x86.Build.0 = Release|Win32
		{E2074744-B51B-4ECF-9F16-1473BF020B8D}.Debug|x64.ActiveCfg = Debug|x64
		{E2074744-B51B-4ECF-9F16-1473BF020B8D}.Debug|x64.Build.0 = Debug|x64
		{E2074744-B51B-4ECF-9F16-1473BF020B8D}.Debug|x86.ActiveCfg = Debug|Win32
		{E2074744-B51B-4ECF-9F16-1473BF020B8D}.Debug|x86.Build.0 = Debug|Win32
		{E2074744-B51B-4ECF-9F16-1473BF020B8D}.Release|x64.ActiveCfg = Release|x64
		{E2074744-B51B-4ECF-9F16-1473BF020B8D}.Release|x64.Build.0 = Release|x64
		{E2074744-B51B-4ECF-9F16-1473BF020B8D}.Release|x86.ActiveCfg = Release|Win32
		{E2074744-B51B-4ECF-9F16-1473BF020B8D}.Release|x86.Build.0 = Release|Win32
		{0D454A1B-E99C-4C96-8BDA-6625BE90DD74}.Debug|x64.ActiveCfg = Debug|x64
		{0D454A1B-E99C-4C96-8BDA-6625BE90DD74}.Debug|x64.Build.0 = Debug|x64
		{0D454A1B-E99C-4C96-8BDA-6625BE90DD74}.Debug|x86.ActiveCfg = Debug|Win32
		{0D454A1B-E99C-4C96-8BDA-6625BE90DD74}.Debug|x86.Build.0 = Debug|Win32
		{0D454A1B-E99C-4C96-8BDA-6625BE90DD74}.Release|x64.ActiveCfg = Release|x64
		{0D454A1B-E99C-4C96-8BDA-6625BE90DD74}.Release|x64.Build.0 = Release|x64
		{0D454A1B-E99C-4C96-8BDA-6625BE90DD74}.Release|x86.ActiveCfg = Release|Win32
		{0D454A1B-E99C-4C96-8BDA-6625BE90DD74}.Release|x86.Build.0 = Release|Win32
		{07353129-C8A5-466E-AB5C-6FD2A7DB7BB1}.Debug|x64.ActiveCfg = Debug|x64
		{07353129-C8A5-466E-AB5C-6FD2A7DB7BB1}.Debug|x64.Build.0 = Debug|x64
		{07353129-C8A5-466E-AB5C-6FD2A7DB7BB1}.Debug|x86.ActiveCfg = Debug|Win32
		{07353129-C8A5-466E-AB5C-6FD2A7DB7BB1}.Debug|x86.Build.0 = Debug|Win32
		{07353129-C8A5-466E-AB5C-6FD2A7DB7BB1}.Release|x64.ActiveCfg = Release|x64
		{07353129-C8A5-466E-AB5C-6FD2A7DB7BB1}.Release|x64.Build.0 = Release|x64
		{07353129-C8A5-466E-AB5C-6FD2A7DB7BB1}.Release|x86.ActiveCfg = Release|Win32
		{07353129-C8A5-466E-AB5C-6FD2A7DB7BB1}.Release|x86.Build.0 = Release|Win32
		{2D2A9975-83F3-49BC-B30C-E2B9B9E2356D}.Debug|x64.ActiveCfg = Debug|x64
		{2D2A9975-83F3-49BC-B30C-E2B9B9E2356D}.Debug|x64.Build.0 = Debug|x64
		{2D2A9975-83F3-49BC-B30C-E2B9B9E2356D}.Debug|x86.ActiveCfg = Debug|Win32
		{2D2A9975-83F3-49BC-B30C-E2B9B9E2356D}.Debug|x86.Build.0 = Debug|Win32
		{2D2A9975-83F3-49BC-B30C-E2B9B9E2356D}.Release|x64.ActiveCfg = Release|x64
		{2D2A9975-83F3-49BC-B30C-E2B9B9E2356D}.Release|x64.Build.0 = Release|x64
		{2D2A9975-83F3-49BC-B30C-E2B9B9E2356D}.Release|x86.ActiveCfg = Release|Win32
		{2D2A9975-83F3-49BC-B30C-E2B9B9E2356D}.Release|x86.Build.0 = Release|Win32
		{FCE57A02-1ADE-4A1D-AE1E-92E60476A9E3}.Debug|x64.ActiveCfg = Debug|x64
		{FCE57A02-1ADE-4A1D-AE1E-92E60476A9E3}.Debug|x64.Build.0 = Debug|x64
		{FCE57A02-1ADE-4A1D-AE1E-92E60476A9E3}.Debug|x86.ActiveCfg = Debug|Win32
		{FCE57A02-1ADE-4A1D-AE1E-92E60476A9E3}.Debug|x86.Build.0 = Debug|Win32
		{FCE57A02-1ADE-4A1D-AE1E-92E60476A9E3}.Release|x64.ActiveCfg = Release|x64
		{FCE57A02-1ADE-4A1D-AE1E-92E60476A9E3}.Release|x64.Build.0 = Release|x64
		{FCE57A02-1ADE-4A1D-AE1E-92E60476A9E3}.Release|x86.ActiveCfg = Release|Win32
		{FCE57A02-1ADE-4A1D-AE1E-92E60476A9E3}.Release|x86.Build.0 = Release|Win32
		{F7E8990E-E9D7-4CEA-9789-9CACF8096398}.Debug|x64.ActiveCfg = Debug|x64
		{F7E8990E-E9D7-4CEA-9789-9CACF8096398}.Debug|x64.Build.0 = Debug|x64
		{F7E8990E-E9D7-4CEA-9789-9CACF8096398}.Debug|x86.ActiveCfg = Debug|Win32
		{F7E8990E-E9D7-4CEA-9789-9CACF8096398}.Debug|x86.Build.0 = Debug|Win32
		{F7E8990E-E9D7-4CEA-9789-9CACF8096398}.Release|x64.ActiveCfg = Release|x64
		{F7E8990E-E9D7-4CEA-9789-9CACF8096398}.Release|x64.Build.0 = Release|x64
		{F7E8990E-E9D7-4CEA-9789-9CACF8096398}.Release|x86.ActiveCfg = Release|Win32
		{F7E8990E-E9D7-4CEA-9789-9CACF8096398}.Release|x86.Build.0 = Release|Win32
		{E4BEF1DC-68E6-4C64-A49D-5CD9BD1F494A}.Debug|x64.ActiveCfg = Debug|x64
		{E4BEF1DC-68E6-4C64-A49D-5CD9BD1F494A}.Debug|x64.Build.0 = Debug|x64
		{E4BEF1DC-68E6-4C64-A49D-5CD9BD1F494A}.Debug|x86.ActiveCfg = Debug|Win32
		{E4BEF1DC-68E6-4C64-A49D-5CD9BD1F494A}.Debug|x86.Build.0 = Debug|Win32
		{E4BEF1DC-68E6-4C64-A49D-5CD9BD1F494A}.Release|x64.ActiveCfg = Release|x64
		{E4BEF1DC-68E6-4C64-A49D-5CD9BD1F494A}.Release|x64.Build.0 = Release|x64
		{E4BEF1DC-68E6-4C64-A49D-5CD9BD1F494A}.Release|x86.ActiveCfg = Release|Win32
		{E4BEF1DC-68E6-4C64-A49D-5CD9BD1F494A}.Release|x86.Build.0 = Release|Win32
		{5B404953-AD2E-481B-A567-300788F20411}.Debug|x64.ActiveCfg = Debug|x64
		{5B404953-AD2E-481B-A567-300788F20411}.Debug|x64.Build.0 = Debug|x64
		{5B404953-AD2E-481B-A567-300788F20411}.Debug|x86.ActiveCfg = Debug|Win32
		{5B404953-AD2E-481B-A567-300788F20411}.Debug|x86.Build.0 = Debug|Win32
		{5B404953-AD2E-481B-A567-300788F20411}.Release|x64.ActiveCfg = Release|x64
		{5B404953-AD2E-481B-A567-300788F20411}.Release|x64.Build.0 = Release|x64
		{5B404953-AD2E-481B-A567-300788F20411}.Release|x86.ActiveCfg = Release|Win32
		{5B404953-AD2E-481B-A567-300788F20411}.Release|x86.Build.0 = Release|Win32
		{9689E7C1-C4EB-45F2-A798-02B66AC93A48}.Debug|x64.ActiveCfg = Debug|x64
		{9689E7C1-C4EB-45F2-A798-02B66AC93A48}.Debug|x64.Build.0 = Debug|x64
		{9689E7C1-C4EB-45F2-A798-02B66AC93A48}.Debug|x86.ActiveCfg = Debug|Win32
		{9689E7C1-C4EB-45F2-A798-02B66AC93A48}.Debug|x86.Build.0 = Debug|Win32
		{9689E7C1-C4EB-45F2-A798-02B66AC93A48}.Release|x64.ActiveCfg = Release|x64
		{9689E7C1-C4EB-45F2-A798-02B66AC93A48}.Release|x64.Build.0 = Release|x64
		{9689E7C1-C4EB-45F2-A798-02B66AC93A48}.Release|x86.ActiveCfg = Release|Win32
		{9689E7C1-C4EB-45F2-A798-02B66AC93A48}.Release|x86.Build.0 = Release|Win32
		{E2BB048A-BCD2-49A2-9532-C261D584AFFF}.Debug|x64.ActiveCfg = Debug|x64
		{E2BB048A-BCD2-49A2-9532-C261D584AFFF}.Debug|x64.Build.0 = Debug|x64
		{E2BB048A-BCD2-49A2-9532-C261D584AFFF}.Debug|x86.ActiveCfg = Debug|Win32
		{E2BB048A-BCD2-49A2-9532-C261D584AFFF}.Debug|x86.Build.0 = Debug|Win32
		{E2BB048A-BCD2-49A2-9532-C261D584AFFF}.Release|x64.ActiveCfg = Release|x64
		{E2BB048A-BCD2-49A2-9532-C261D584AFFF}.Release|x64.Build.0 = Release|x64
		{E2BB048A-BCD2-49A2-9532-C261D584AFFF}.Release|x86.ActiveCfg = Release|Win32
		{E2BB048A-BCD2-49A2-9532-C261D584AFFF}.Release|x86.Build.0 = Release|Win32
		{58081333-E271-433A-B37C-662D5C75E142}.Debug|x64.ActiveCfg = Debug|x64
		{58081333-E271-433A-B37C-662D5C75E142}.Debug|x64.Build.0 = Debug|x64
		{58081333-E271-433A-B37C-662D5C75E142}.Debug|x86.ActiveCfg = Debug|Win32
		{58081333-E271-433A-B37C-662D5C75E142}.Debug|x86.Build.0 = Debug|Win32
		{58081333-E271-433A-B37C-662D5C75E142}.Release|x64.ActiveCfg = Release|x64
		{58081333-E271-433A-B37C-662D5C75E142}.Release|x64.Build.0 = Release|x64
		{58081333-E271-433A-B37C-662D5C75E142}.Release|x86.ActiveCfg = Release|Win32
		{58081333-E271-433A-B37C-662D5C75E142}.Release|x86.Build.0 = Release|Win32
		{E11117F4-0C17-486D-825E-9D05F6D79210}.Debug|x64.ActiveCfg = Debug|x64
		{E11117F4-0C17-486D-825E-9D05F6D79210}.Debug|x64.Build.0 = Debug|x64
		{E11117F4-0C17-486D-825E-9D05F6D79210}.Debug|x86.ActiveCfg = Debug|Win32
		{E11117F4-0C17-486D-825E-9D05F6D79210}.Debug|x86.Build.0 = Debug|Win32
		{E11117F4-0C17-486D-825E-9D05F6D79210}.Release|x64.ActiveCfg = Release|x64
		{E11117F4-0C17-486D-825E-9D05F6D79210}.Release|x64.Build.0 = Release|x64
		{E11117F4-0C17-486D-825E-9D05F6D79210}.Release|x86.ActiveCfg = Release|Win32
		{E11117F4-0C17-486D-825E-9D05F6D79210}.Release|x86.Build.0 = Release|Win32
		{8D61414B-932B-4B91-A45D-B4EB05C0F9C3}.Debug|x64.ActiveCfg = Debug|x64
		{8D61414B-932B-4B91-A45D-B4EB05C0F9C3}.Debug|x64.Build.0 = Debug|x64
		{8D61414B-932B-4B91-A45D-B4EB05C0F9C3}.Debug|x86.ActiveCfg = Debug|Win32
		{8D61414B-932B-4B91-A45D-B4EB05C0F9C3}.Debug|x86.Build.0 = Debug|Win32
		{8D61414B-932B-4B91-A45D-B4EB05C0F9C3}.Release|x64.ActiveCfg = Release|x64
		{8D61414B-932B-4B91-A45D-B4EB05C0F9C3}.Release|x64.Build.0 = Release|x64
		{8D61414B-932B-4B91-A45D-B4EB05C0F9C3}.Release|x86.ActiveCfg = Release|Win32
		{8D61414B-932B-4B91-A45D-B4EB05C0F9C3}.Release|x86.Build.0 = Release|Win32
		{062A2B3A-DC69-4862-9EFC-C5181A54F7C3}.Debug|x64.ActiveCfg = Debug|x64
		{062A2B3A-DC69-4862-9EFC-C5181A54F7C3}.Debug|x64.Build.0 = Debug|x64
		{062A2B3A-DC69-4862-9EFC-C5181A54F7C3}.Debug|x86.ActiveCfg = Debug|Win32
		{062A2B3A-DC69-4862-9EFC-C5181A54F7C3}.Debug|x86.Build.0 = Debug|Win32
		{062A2B3A-DC69-4862-9EFC-C5181A54F7C3}.Release|x64.ActiveCfg = Release|x64
		{062A2B3A-DC69-4862-9EFC-C5181A54F7C3}.Release|x64.Build.0 = Release|x64
		{062A2B3A-DC69-4862-9EFC-C5181A54F7C3}.Release|x86.ActiveCfg = Release|Win32
		{062A2B3A-DC69-4862-9EFC-C5181A54F7C3}.Release|x86.Build.0 = Release|Win32
		{FB7A0287-F5E9-407F-830D-BE3D795085AF}.Debug|x64.ActiveCfg = Debug|x64
		{FB7A0287-F5E9-407F-830D-BE3D795085AF}.Debug|x64.Build.0 = Debug|x64
		{FB7A0287-F5E9-407F-830D-BE3D795085AF}.Debug|x86.ActiveCfg = Debug|Win32
		{FB7A0287-F5E9-407F-830D-BE3D795085AF}.Debug|x86.Build.0 = Debug|Win32
		{FB7A0287-F5E9-407F-830D-BE3D795085AF}.Release|x64.ActiveCfg = Release|x64
		{FB7A0287-F5E9-407F-830D-BE3D795085AF}.Release|x64.Build.0 = Release|x64
		{FB7A0287-F5E9-407F-830D-BE3D795085AF}.Release|x86.ActiveCfg = Release|Win32
		{FB7A0287-F5E9-407F-830D-BE3D795085AF}.Release|x86.Build.0 = Release|Win32
	EndGlobalSection
	GlobalSection(SolutionProperties) = preSolution
		HideSolutionNode = FALSE
	EndGlobalSection
	GlobalSection(ExtensibilityGlobals) = postSolution
		SolutionGuid = {BA1D2DB3-155E-4C46-996F-CE4807FA1EBA}
	EndGlobalSection
EndGlobal
